{
  "originHash" : "3cbdfc5b8db0a6a881e4284cdcc1abec223b1a07f0df53725844688ff9f57894",
  "pins" : [
    {
      "identity" : "lottie-ios",
      "kind" : "remoteSourceControl",
      "location" : "https://github.com/airbnb/lottie-ios",
      "state" : {
        "revision" : "7fe8b6f697ae7db4bf0df270119592cb5d502848",
        "version" : "4.4.1"
      }
    },
    {
      "identity" : "yang",
      "kind" : "remoteSourceControl",
      "location" : "https://github.com/huangwenfei/Yang",
      "state" : {
        "revision" : "31ba591d1da0d5461a0cbc2b5eaf661f0dd38be8",
        "version" : "0.0.2"
      }
    }
  ],
  "version" : 3
}
